PODS:
  - LicensePlist (3.15.0)
  - R.swift (5.2.2):
    - R.swift.Library (~> 5.2.0)
  - R.swift.Library (5.2.0)

DEPENDENCIES:
  - LicensePlist
  - R.swift (= 5.2.2)

SPEC REPOS:
  trunk:
    - LicensePlist
    - R.swift
    - R.swift.Library

SPEC CHECKSUMS:
  LicensePlist: bd3175ce3a27978e7b98c0c16a034b71cc14a7fc
  R.swift: 7c52cdc57a66840ffe6cbd8a823d732059d42a32
  R.swift.Library: 5ba4f1631300caf9a4d890186930da85d540769d

PODFILE CHECKSUM: 5fd1206216b57348f79d6f1537cfb8282cddb1f9

COCOAPODS: 1.10.0
