// !$*UTF8*$!
{
	archiveVersion = 1;
	classes = {
	};
	objectVersion = 55;
	objects = {

/* Begin PBXBuildFile section */
		B8386FB2275BB7130066B402 /* AppDelegate.swift in Sources */ = {isa = PBXBuildFile; fileRef = B8386FB1275BB7130066B402 /* AppDelegate.swift */; };
		B8386FB4275BB7130066B402 /* SceneDelegate.swift in Sources */ = {isa = PBXBuildFile; fileRef = B8386FB3275BB7130066B402 /* SceneDelegate.swift */; };
		B8386FB6275BB7130066B402 /* ViewController.swift in Sources */ = {isa = PBXBuildFile; fileRef = B8386FB5275BB7130066B402 /* ViewController.swift */; };
		B8386FB9275BB7130066B402 /* Main.storyboard in Resources */ = {isa = PBXBuildFile; fileRef = B8386FB7275BB7130066B402 /* Main.storyboard */; };
		B8386FBC275BB7130066B402 /* RunnersHigh.xcdatamodeld in Sources */ = {isa = PBXBuildFile; fileRef = B8386FBA275BB7130066B402 /* RunnersHigh.xcdatamodeld */; };
		B8386FBE275BB7140066B402 /* Assets.xcassets in Resources */ = {isa = PBXBuildFile; fileRef = B8386FBD275BB7140066B402 /* Assets.xcassets */; };
		B8386FC1275BB7140066B402 /* LaunchScreen.storyboard in Resources */ = {isa = PBXBuildFile; fileRef = B8386FBF275BB7140066B402 /* LaunchScreen.storyboard */; };
		B8386FCC275BB7150066B402 /* RunnersHighTests.swift in Sources */ = {isa = PBXBuildFile; fileRef = B8386FCB275BB7150066B402 /* RunnersHighTests.swift */; };
		B8386FD6275BB7150066B402 /* RunnersHighUITests.swift in Sources */ = {isa = PBXBuildFile; fileRef = B8386FD5275BB7150066B402 /* RunnersHighUITests.swift */; };
		B8386FD8275BB7150066B402 /* RunnersHighUITestsLaunchTests.swift in Sources */ = {isa = PBXBuildFile; fileRef = B8386FD7275BB7150066B402 /* RunnersHighUITestsLaunchTests.swift */; };
/* End PBXBuildFile section */

/* Begin PBXContainerItemProxy section */
		B8386FC8275BB7150066B402 /* PBXContainerItemProxy */ = {
			isa = PBXContainerItemProxy;
			containerPortal = B8386FA6275BB7130066B402 /* Project object */;
			proxyType = 1;
			remoteGlobalIDString = B8386FAD275BB7130066B402;
			remoteInfo = RunnersHigh;
		};
		B8386FD2275BB7150066B402 /* PBXContainerItemProxy */ = {
			isa = PBXContainerItemProxy;
			containerPortal = B8386FA6275BB7130066B402 /* Project object */;
			proxyType = 1;
			remoteGlobalIDString = B8386FAD275BB7130066B402;
			remoteInfo = RunnersHigh;
		};
/* End PBXContainerItemProxy section */

/* Begin PBXFileReference section */
		B8386FAE275BB7130066B402 /* RunnersHigh.app */ = {isa = PBXFileReference; explicitFileType = wrapper.application; includeInIndex = 0; path = RunnersHigh.app; sourceTree = BUILT_PRODUCTS_DIR; };
		B8386FB1275BB7130066B402 /* AppDelegate.swift */ = {isa = PBXFileReference; lastKnownFileType = sourcecode.swift; path = AppDelegate.swift; sourceTree = "<group>"; };
		B8386FB3275BB7130066B402 /* SceneDelegate.swift */ = {isa = PBXFileReference; lastKnownFileType = sourcecode.swift; path = SceneDelegate.swift; sourceTree = "<group>"; };
		B8386FB5275BB7130066B402 /* ViewController.swift */ = {isa = PBXFileReference; lastKnownFileType = sourcecode.swift; path = ViewController.swift; sourceTree = "<group>"; };
		B8386FB8275BB7130066B402 /* Base */ = {isa = PBXFileReference; lastKnownFileType = file.storyboard; name = Base; path = Base.lproj/Main.storyboard; sourceTree = "<group>"; };
		B8386FBB275BB7130066B402 /* RunnersHigh.xcdatamodel */ = {isa = PBXFileReference; lastKnownFileType = wrapper.xcdatamodel; path = RunnersHigh.xcdatamodel; sourceTree = "<group>"; };
		B8386FBD275BB7140066B402 /* Assets.xcassets */ = {isa = PBXFileReference; lastKnownFileType = folder.assetcatalog; path = Assets.xcassets; sourceTree = "<group>"; };
		B8386FC0275BB7140066B402 /* Base */ = {isa = PBXFileReference; lastKnownFileType = file.storyboard; name = Base; path = Base.lproj/LaunchScreen.storyboard; sourceTree = "<group>"; };
		B8386FC2275BB7140066B402 /* Info.plist */ = {isa = PBXFileReference; lastKnownFileType = text.plist.xml; path = Info.plist; sourceTree = "<group>"; };
		B8386FC7275BB7150066B402 /* RunnersHighTests.xctest */ = {isa = PBXFileReference; explicitFileType = wrapper.cfbundle; includeInIndex = 0; path = RunnersHighTests.xctest; sourceTree = BUILT_PRODUCTS_DIR; };
		B8386FCB275BB7150066B402 /* RunnersHighTests.swift */ = {isa = PBXFileReference; lastKnownFileType = sourcecode.swift; path = RunnersHighTests.swift; sourceTree = "<group>"; };
		B8386FD1275BB7150066B402 /* RunnersHighUITests.xctest */ = {isa = PBXFileReference; explicitFileType = wrapper.cfbundle; includeInIndex = 0; path = RunnersHighUITests.xctest; sourceTree = BUILT_PRODUCTS_DIR; };
		B8386FD5275BB7150066B402 /* RunnersHighUITests.swift */ = {isa = PBXFileReference; lastKnownFileType = sourcecode.swift; path = RunnersHighUITests.swift; sourceTree = "<group>"; };
		B8386FD7275BB7150066B402 /* RunnersHighUITestsLaunchTests.swift */ = {isa = PBXFileReference; lastKnownFileType = sourcecode.swift; path = RunnersHighUITestsLaunchTests.swift; sourceTree = "<group>"; };
/* End PBXFileReference section */

/* Begin PBXFrameworksBuildPhase section */
		B8386FAB275BB7130066B402 /* Frameworks */ = {
			isa = PBXFrameworksBuildPhase;
			buildActionMask = 2147483647;
			files = (
			);
			runOnlyForDeploymentPostprocessing = 0;
		};
		B8386FC4275BB7150066B402 /* Frameworks */ = {
			isa = PBXFrameworksBuildPhase;
			buildActionMask = 2147483647;
			files = (
			);
			runOnlyForDeploymentPostprocessing = 0;
		};
		B8386FCE275BB7150066B402 /* Frameworks */ = {
			isa = PBXFrameworksBuildPhase;
			buildActionMask = 2147483647;
			files = (
			);
			runOnlyForDeploymentPostprocessing = 0;
		};
/* End PBXFrameworksBuildPhase section */

/* Begin PBXGroup section */
		B8386FA5275BB7130066B402 = {
			isa = PBXGroup;
			children = (
				B8386FB0275BB7130066B402 /* RunnersHigh */,
				B8386FCA275BB7150066B402 /* RunnersHighTests */,
				B8386FD4275BB7150066B402 /* RunnersHighUITests */,
				B8386FAF275BB7130066B402 /* Products */,
			);
			sourceTree = "<group>";
		};
		B8386FAF275BB7130066B402 /* Products */ = {
			isa = PBXGroup;
			children = (
				B8386FAE275BB7130066B402 /* RunnersHigh.app */,
				B8386FC7275BB7150066B402 /* RunnersHighTests.xctest */,
				B8386FD1275BB7150066B402 /* RunnersHighUITests.xctest */,
			);
			name = Products;
			sourceTree = "<group>";
		};
		B8386FB0275BB7130066B402 /* RunnersHigh */ = {
			isa = PBXGroup;
			children = (
				B8386FB1275BB7130066B402 /* AppDelegate.swift */,
				B8386FB3275BB7130066B402 /* SceneDelegate.swift */,
				B8386FB5275BB7130066B402 /* ViewController.swift */,
				B8386FB7275BB7130066B402 /* Main.storyboard */,
				B8386FBD275BB7140066B402 /* Assets.xcassets */,
				B8386FBF275BB7140066B402 /* LaunchScreen.storyboard */,
				B8386FC2275BB7140066B402 /* Info.plist */,
				B8386FBA275BB7130066B402 /* RunnersHigh.xcdatamodeld */,
			);
			path = RunnersHigh;
			sourceTree = "<group>";
		};
		B8386FCA275BB7150066B402 /* RunnersHighTests */ = {
			isa = PBXGroup;
			children = (
				B8386FCB275BB7150066B402 /* RunnersHighTests.swift */,
			);
			path = RunnersHighTests;
			sourceTree = "<group>";
		};
		B8386FD4275BB7150066B402 /* RunnersHighUITests */ = {
			isa = PBXGroup;
			children = (
				B8386FD5275BB7150066B402 /* RunnersHighUITests.swift */,
				B8386FD7275BB7150066B402 /* RunnersHighUITestsLaunchTests.swift */,
			);
			path = RunnersHighUITests;
			sourceTree = "<group>";
		};
/* End PBXGroup section */

/* Begin PBXNativeTarget section */
		B8386FAD275BB7130066B402 /* RunnersHigh */ = {
			isa = PBXNativeTarget;
			buildConfigurationList = B8386FDB275BB7150066B402 /* Build configuration list for PBXNativeTarget "RunnersHigh" */;
			buildPhases = (
				B8386FAA275BB7130066B402 /* Sources */,
				B8386FAB275BB7130066B402 /* Frameworks */,
				B8386FAC275BB7130066B402 /* Resources */,
			);
			buildRules = (
			);
			dependencies = (
			);
			name = RunnersHigh;
			productName = RunnersHigh;
			productReference = B8386FAE275BB7130066B402 /* RunnersHigh.app */;
			productType = "com.apple.product-type.application";
		};
		B8386FC6275BB7150066B402 /* RunnersHighTests */ = {
			isa = PBXNativeTarget;
			buildConfigurationList = B8386FDE275BB7150066B402 /* Build configuration list for PBXNativeTarget "RunnersHighTests" */;
			buildPhases = (
				B8386FC3275BB7150066B402 /* Sources */,
				B8386FC4275BB7150066B402 /* Frameworks */,
				B8386FC5275BB7150066B402 /* Resources */,
			);
			buildRules = (
			);
			dependencies = (
				B8386FC9275BB7150066B402 /* PBXTargetDependency */,
			);
			name = RunnersHighTests;
			productName = RunnersHighTests;
			productReference = B8386FC7275BB7150066B402 /* RunnersHighTests.xctest */;
			productType = "com.apple.product-type.bundle.unit-test";
		};
		B8386FD0275BB7150066B402 /* RunnersHighUITests */ = {
			isa = PBXNativeTarget;
			buildConfigurationList = B8386FE1275BB7150066B402 /* Build configuration list for PBXNativeTarget "RunnersHighUITests" */;
			buildPhases = (
				B8386FCD275BB7150066B402 /* Sources */,
				B8386FCE275BB7150066B402 /* Frameworks */,
				B8386FCF275BB7150066B402 /* Resources */,
			);
			buildRules = (
			);
			dependencies = (
				B8386FD3275BB7150066B402 /* PBXTargetDependency */,
			);
			name = RunnersHighUITests;
			productName = RunnersHighUITests;
			productReference = B8386FD1275BB7150066B402 /* RunnersHighUITests.xctest */;
			productType = "com.apple.product-type.bundle.ui-testing";
		};
/* End PBXNativeTarget section */

/* Begin PBXProject section */
		B8386FA6275BB7130066B402 /* Project object */ = {
			isa = PBXProject;
			attributes = {
				BuildIndependentTargetsInParallel = 1;
				LastSwiftUpdateCheck = 1310;
				LastUpgradeCheck = 1310;
				TargetAttributes = {
					B8386FAD275BB7130066B402 = {
						CreatedOnToolsVersion = 13.1;
					};
					B8386FC6275BB7150066B402 = {
						CreatedOnToolsVersion = 13.1;
						TestTargetID = B8386FAD275BB7130066B402;
					};
					B8386FD0275BB7150066B402 = {
						CreatedOnToolsVersion = 13.1;
						TestTargetID = B8386FAD275BB7130066B402;
					};
				};
			};
			buildConfigurationList = B8386FA9275BB7130066B402 /* Build configuration list for PBXProject "RunnersHigh" */;
			compatibilityVersion = "Xcode 13.0";
			developmentRegion = en;
			hasScannedForEncodings = 0;
			knownRegions = (
				en,
				Base,
			);
			mainGroup = B8386FA5275BB7130066B402;
			productRefGroup = B8386FAF275BB7130066B402 /* Products */;
			projectDirPath = "";
			projectRoot = "";
			targets = (
				B8386FAD275BB7130066B402 /* RunnersHigh */,
				B8386FC6275BB7150066B402 /* RunnersHighTests */,
				B8386FD0275BB7150066B402 /* RunnersHighUITests */,
			);
		};
/* End PBXProject section */

/* Begin PBXResourcesBuildPhase section */
		B8386FAC275BB7130066B402 /* Resources */ = {
			isa = PBXResourcesBuildPhase;
			buildActionMask = 2147483647;
			files = (
				B8386FC1275BB7140066B402 /* LaunchScreen.storyboard in Resources */,
				B8386FBE275BB7140066B402 /* Assets.xcassets in Resources */,
				B8386FB9275BB7130066B402 /* Main.storyboard in Resources */,
			);
			runOnlyForDeploymentPostprocessing = 0;
		};
		B8386FC5275BB7150066B402 /* Resources */ = {
			isa = PBXResourcesBuildPhase;
			buildActionMask = 2147483647;
			files = (
			);
			runOnlyForDeploymentPostprocessing = 0;
		};
		B8386FCF275BB7150066B402 /* Resources */ = {
			isa = PBXResourcesBuildPhase;
			buildActionMask = 2147483647;
			files = (
			);
			runOnlyForDeploymentPostprocessing = 0;
		};
/* End PBXResourcesBuildPhase section */

/* Begin PBXSourcesBuildPhase section */
		B8386FAA275BB7130066B402 /* Sources */ = {
			isa = PBXSourcesBuildPhase;
			buildActionMask = 2147483647;
			files = (
				B8386FB6275BB7130066B402 /* ViewController.swift in Sources */,
				B8386FBC275BB7130066B402 /* RunnersHigh.xcdatamodeld in Sources */,
				B8386FB2275BB7130066B402 /* AppDelegate.swift in Sources */,
				B8386FB4275BB7130066B402 /* SceneDelegate.swift in Sources */,
			);
			runOnlyForDeploymentPostprocessing = 0;
		};
		B8386FC3275BB7150066B402 /* Sources */ = {
			isa = PBXSourcesBuildPhase;
			buildActionMask = 2147483647;
			files = (
				B8386FCC275BB7150066B402 /* RunnersHighTests.swift in Sources */,
			);
			runOnlyForDeploymentPostprocessing = 0;
		};
		B8386FCD275BB7150066B402 /* Sources */ = {
			isa = PBXSourcesBuildPhase;
			buildActionMask = 2147483647;
			files = (
				B8386FD8275BB7150066B402 /* RunnersHighUITestsLaunchTests.swift in Sources */,
				B8386FD6275BB7150066B402 /* RunnersHighUITests.swift in Sources */,
			);
			runOnlyForDeploymentPostprocessing = 0;
		};
/* End PBXSourcesBuildPhase section */

/* Begin PBXTargetDependency section */
		B8386FC9275BB7150066B402 /* PBXTargetDependency */ = {
			isa = PBXTargetDependency;
			target = B8386FAD275BB7130066B402 /* RunnersHigh */;
			targetProxy = B8386FC8275BB7150066B402 /* PBXContainerItemProxy */;
		};
		B8386FD3275BB7150066B402 /* PBXTargetDependency */ = {
			isa = PBXTargetDependency;
			target = B8386FAD275BB7130066B402 /* RunnersHigh */;
			targetProxy = B8386FD2275BB7150066B402 /* PBXContainerItemProxy */;
		};
/* End PBXTargetDependency section */

/* Begin PBXVariantGroup section */
		B8386FB7275BB7130066B402 /* Main.storyboard */ = {
			isa = PBXVariantGroup;
			children = (
				B8386FB8275BB7130066B402 /* Base */,
			);
			name = Main.storyboard;
			sourceTree = "<group>";
		};
		B8386FBF275BB7140066B402 /* LaunchScreen.storyboard */ = {
			isa = PBXVariantGroup;
			children = (
				B8386FC0275BB7140066B402 /* Base */,
			);
			name = LaunchScreen.storyboard;
			sourceTree = "<group>";
		};
/* End PBXVariantGroup section */

/* Begin XCBuildConfiguration section */
		B8386FD9275BB7150066B402 /* Debug */ = {
			isa = XCBuildConfiguration;
			buildSettings = {
				ALWAYS_SEARCH_USER_PATHS = NO;
				CLANG_ANALYZER_NONNULL = YES;
				CLANG_ANALYZER_NUMBER_OBJECT_CONVERSION = YES_AGGRESSIVE;
				CLANG_CXX_LANGUAGE_STANDARD = "gnu++17";
				CLANG_CXX_LIBRARY = "libc++";
				CLANG_ENABLE_MODULES = YES;
				CLANG_ENABLE_OBJC_ARC = YES;
				CLANG_ENABLE_OBJC_WEAK = YES;
				CLANG_WARN_BLOCK_CAPTURE_AUTORELEASING = YES;
				CLANG_WARN_BOOL_CONVERSION = YES;
				CLANG_WARN_COMMA = YES;
				CLANG_WARN_CONSTANT_CONVERSION = YES;
				CLANG_WARN_DEPRECATED_OBJC_IMPLEMENTATIONS = YES;
				CLANG_WARN_DIRECT_OBJC_ISA_USAGE = YES_ERROR;
				CLANG_WARN_DOCUMENTATION_COMMENTS = YES;
				CLANG_WARN_EMPTY_BODY = YES;
				CLANG_WARN_ENUM_CONVERSION = YES;
				CLANG_WARN_INFINITE_RECURSION = YES;
				CLANG_WARN_INT_CONVERSION = YES;
				CLANG_WARN_NON_LITERAL_NULL_CONVERSION = YES;
				CLANG_WARN_OBJC_IMPLICIT_RETAIN_SELF = YES;
				CLANG_WARN_OBJC_LITERAL_CONVERSION = YES;
				CLANG_WARN_OBJC_ROOT_CLASS = YES_ERROR;
				CLANG_WARN_QUOTED_INCLUDE_IN_FRAMEWORK_HEADER = YES;
				CLANG_WARN_RANGE_LOOP_ANALYSIS = YES;
				CLANG_WARN_STRICT_PROTOTYPES = YES;
				CLANG_WARN_SUSPICIOUS_MOVE = YES;
				CLANG_WARN_UNGUARDED_AVAILABILITY = YES_AGGRESSIVE;
				CLANG_WARN_UNREACHABLE_CODE = YES;
				CLANG_WARN__DUPLICATE_METHOD_MATCH = YES;
				COPY_PHASE_STRIP = NO;
				DEBUG_INFORMATION_FORMAT = dwarf;
				ENABLE_STRICT_OBJC_MSGSEND = YES;
				ENABLE_TESTABILITY = YES;
				GCC_C_LANGUAGE_STANDARD = gnu11;
				GCC_DYNAMIC_NO_PIC = NO;
				GCC_NO_COMMON_BLOCKS = YES;
				GCC_OPTIMIZATION_LEVEL = 0;
				GCC_PREPROCESSOR_DEFINITIONS = (
					"DEBUG=1",
					"$(inherited)",
				);
				GCC_WARN_64_TO_32_BIT_CONVERSION = YES;
				GCC_WARN_ABOUT_RETURN_TYPE = YES_ERROR;
				GCC_WARN_UNDECLARED_SELECTOR = YES;
				GCC_WARN_UNINITIALIZED_AUTOS = YES_AGGRESSIVE;
				GCC_WARN_UNUSED_FUNCTION = YES;
				GCC_WARN_UNUSED_VARIABLE = YES;
				IPHONEOS_DEPLOYMENT_TARGET = 15.0;
				MTL_ENABLE_DEBUG_INFO = INCLUDE_SOURCE;
				MTL_FAST_MATH = YES;
				ONLY_ACTIVE_ARCH = YES;
				SDKROOT = iphoneos;
				SWIFT_ACTIVE_COMPILATION_CONDITIONS = DEBUG;
				SWIFT_OPTIMIZATION_LEVEL = "-Onone";
			};
			name = Debug;
		};
		B8386FDA275BB7150066B402 /* Release */ = {
			isa = XCBuildConfiguration;
			buildSettings = {
				ALWAYS_SEARCH_USER_PATHS = NO;
				CLANG_ANALYZER_NONNULL = YES;
				CLANG_ANALYZER_NUMBER_OBJECT_CONVERSION = YES_AGGRESSIVE;
				CLANG_CXX_LANGUAGE_STANDARD = "gnu++17";
				CLANG_CXX_LIBRARY = "libc++";
				CLANG_ENABLE_MODULES = YES;
				CLANG_ENABLE_OBJC_ARC = YES;
				CLANG_ENABLE_OBJC_WEAK = YES;
				CLANG_WARN_BLOCK_CAPTURE_AUTORELEASING = YES;
				CLANG_WARN_BOOL_CONVERSION = YES;
				CLANG_WARN_COMMA = YES;
				CLANG_WARN_CONSTANT_CONVERSION = YES;
				CLANG_WARN_DEPRECATED_OBJC_IMPLEMENTATIONS = YES;
				CLANG_WARN_DIRECT_OBJC_ISA_USAGE = YES_ERROR;
				CLANG_WARN_DOCUMENTATION_COMMENTS = YES;
				CLANG_WARN_EMPTY_BODY = YES;
				CLANG_WARN_ENUM_CONVERSION = YES;
				CLANG_WARN_INFINITE_RECURSION = YES;
				CLANG_WARN_INT_CONVERSION = YES;
				CLANG_WARN_NON_LITERAL_NULL_CONVERSION = YES;
				CLANG_WARN_OBJC_IMPLICIT_RETAIN_SELF = YES;
				CLANG_WARN_OBJC_LITERAL_CONVERSION = YES;
				CLANG_WARN_OBJC_ROOT_CLASS = YES_ERROR;
				CLANG_WARN_QUOTED_INCLUDE_IN_FRAMEWORK_HEADER = YES;
				CLANG_WARN_RANGE_LOOP_ANALYSIS = YES;
				CLANG_WARN_STRICT_PROTOTYPES = YES;
				CLANG_WARN_SUSPICIOUS_MOVE = YES;
				CLANG_WARN_UNGUARDED_AVAILABILITY = YES_AGGRESSIVE;
				CLANG_WARN_UNREACHABLE_CODE = YES;
				CLANG_WARN__DUPLICATE_METHOD_MATCH = YES;
				COPY_PHASE_STRIP = NO;
				DEBUG_INFORMATION_FORMAT = "dwarf-with-dsym";
				ENABLE_NS_ASSERTIONS = NO;
				ENABLE_STRICT_OBJC_MSGSEND = YES;
				GCC_C_LANGUAGE_STANDARD = gnu11;
				GCC_NO_COMMON_BLOCKS = YES;
				GCC_WARN_64_TO_32_BIT_CONVERSION = YES;
				GCC_WARN_ABOUT_RETURN_TYPE = YES_ERROR;
				GCC_WARN_UNDECLARED_SELECTOR = YES;
				GCC_WARN_UNINITIALIZED_AUTOS = YES_AGGRESSIVE;
				GCC_WARN_UNUSED_FUNCTION = YES;
				GCC_WARN_UNUSED_VARIABLE = YES;
				IPHONEOS_DEPLOYMENT_TARGET = 15.0;
				MTL_ENABLE_DEBUG_INFO = NO;
				MTL_FAST_MATH = YES;
				SDKROOT = iphoneos;
				SWIFT_COMPILATION_MODE = wholemodule;
				SWIFT_OPTIMIZATION_LEVEL = "-O";
				VALIDATE_PRODUCT = YES;
			};
			name = Release;
		};
		B8386FDC275BB7150066B402 /* Debug */ = {
			isa = XCBuildConfiguration;
			buildSettings = {
				ASSETCATALOG_COMPILER_APPICON_NAME = AppIcon;
				ASSETCATALOG_COMPILER_GLOBAL_ACCENT_COLOR_NAME = AccentColor;
				CODE_SIGN_STYLE = Automatic;
				CURRENT_PROJECT_VERSION = 1;
				DEVELOPMENT_TEAM = 3YL7JSN5AR;
				GENERATE_INFOPLIST_FILE = YES;
				INFOPLIST_FILE = RunnersHigh/Info.plist;
				INFOPLIST_KEY_UIApplicationSupportsIndirectInputEvents = YES;
				INFOPLIST_KEY_UILaunchStoryboardName = LaunchScreen;
				INFOPLIST_KEY_UIMainStoryboardFile = Main;
				INFOPLIST_KEY_UISupportedInterfaceOrientations_iPad = "UIInterfaceOrientationPortrait UIInterfaceOrientationPortraitUpsideDown UIInterfaceOrientationLandscapeLeft UIInterfaceOrientationLandscapeRight";
				INFOPLIST_KEY_UISupportedInterfaceOrientations_iPhone = "UIInterfaceOrientationPortrait UIInterfaceOrientationLandscapeLeft UIInterfaceOrientationLandscapeRight";
				LD_RUNPATH_SEARCH_PATHS = (
					"$(inherited)",
					"@executable_path/Frameworks",
				);
				MARKETING_VERSION = 1.0;
				PRODUCT_BUNDLE_IDENTIFIER = "com.kotaro-seki.RunnersHigh";
				PRODUCT_NAME = "$(TARGET_NAME)";
				SWIFT_EMIT_LOC_STRINGS = YES;
				SWIFT_VERSION = 5.0;
				TARGETED_DEVICE_FAMILY = "1,2";
			};
			name = Debug;
		};
		B8386FDD275BB7150066B402 /* Release */ = {
			isa = XCBuildConfiguration;
			buildSettings = {
				ASSETCATALOG_COMPILER_APPICON_NAME = AppIcon;
				ASSETCATALOG_COMPILER_GLOBAL_ACCENT_COLOR_NAME = AccentColor;
				CODE_SIGN_STYLE = Automatic;
				CURRENT_PROJECT_VERSION = 1;
				DEVELOPMENT_TEAM = 3YL7JSN5AR;
				GENERATE_INFOPLIST_FILE = YES;
				INFOPLIST_FILE = RunnersHigh/Info.plist;
				INFOPLIST_KEY_UIApplicationSupportsIndirectInputEvents = YES;
				INFOPLIST_KEY_UILaunchStoryboardName = LaunchScreen;
				INFOPLIST_KEY_UIMainStoryboardFile = Main;
				INFOPLIST_KEY_UISupportedInterfaceOrientations_iPad = "UIInterfaceOrientationPortrait UIInterfaceOrientationPortraitUpsideDown UIInterfaceOrientationLandscapeLeft UIInterfaceOrientationLandscapeRight";
				INFOPLIST_KEY_UISupportedInterfaceOrientations_iPhone = "UIInterfaceOrientationPortrait UIInterfaceOrientationLandscapeLeft UIInterfaceOrientationLandscapeRight";
				LD_RUNPATH_SEARCH_PATHS = (
					"$(inherited)",
					"@executable_path/Frameworks",
				);
				MARKETING_VERSION = 1.0;
				PRODUCT_BUNDLE_IDENTIFIER = "com.kotaro-seki.RunnersHigh";
				PRODUCT_NAME = "$(TARGET_NAME)";
				SWIFT_EMIT_LOC_STRINGS = YES;
				SWIFT_VERSION = 5.0;
				TARGETED_DEVICE_FAMILY = "1,2";
			};
			name = Release;
		};
		B8386FDF275BB7150066B402 /* Debug */ = {
			isa = XCBuildConfiguration;
			buildSettings = {
				ALWAYS_EMBED_SWIFT_STANDARD_LIBRARIES = YES;
				BUNDLE_LOADER = "$(TEST_HOST)";
				CODE_SIGN_STYLE = Automatic;
				CURRENT_PROJECT_VERSION = 1;
				DEVELOPMENT_TEAM = 3YL7JSN5AR;
				GENERATE_INFOPLIST_FILE = YES;
				IPHONEOS_DEPLOYMENT_TARGET = 15.0;
				LD_RUNPATH_SEARCH_PATHS = (
					"$(inherited)",
					"@executable_path/Frameworks",
					"@loader_path/Frameworks",
				);
				MARKETING_VERSION = 1.0;
				PRODUCT_BUNDLE_IDENTIFIER = "com.kotaro-seki.RunnersHighTests";
				PRODUCT_NAME = "$(TARGET_NAME)";
				SWIFT_EMIT_LOC_STRINGS = NO;
				SWIFT_VERSION = 5.0;
				TARGETED_DEVICE_FAMILY = "1,2";
				TEST_HOST = "$(BUILT_PRODUCTS_DIR)/RunnersHigh.app/RunnersHigh";
			};
			name = Debug;
		};
		B8386FE0275BB7150066B402 /* Release */ = {
			isa = XCBuildConfiguration;
			buildSettings = {
				ALWAYS_EMBED_SWIFT_STANDARD_LIBRARIES = YES;
				BUNDLE_LOADER = "$(TEST_HOST)";
				CODE_SIGN_STYLE = Automatic;
				CURRENT_PROJECT_VERSION = 1;
				DEVELOPMENT_TEAM = 3YL7JSN5AR;
				GENERATE_INFOPLIST_FILE = YES;
				IPHONEOS_DEPLOYMENT_TARGET = 15.0;
				LD_RUNPATH_SEARCH_PATHS = (
					"$(inherited)",
					"@executable_path/Frameworks",
					"@loader_path/Frameworks",
				);
				MARKETING_VERSION = 1.0;
				PRODUCT_BUNDLE_IDENTIFIER = "com.kotaro-seki.RunnersHighTests";
				PRODUCT_NAME = "$(TARGET_NAME)";
				SWIFT_EMIT_LOC_STRINGS = NO;
				SWIFT_VERSION = 5.0;
				TARGETED_DEVICE_FAMILY = "1,2";
				TEST_HOST = "$(BUILT_PRODUCTS_DIR)/RunnersHigh.app/RunnersHigh";
			};
			name = Release;
		};
		B8386FE2275BB7150066B402 /* Debug */ = {
			isa = XCBuildConfiguration;
			buildSettings = {
				ALWAYS_EMBED_SWIFT_STANDARD_LIBRARIES = YES;
				CODE_SIGN_STYLE = Automatic;
				CURRENT_PROJECT_VERSION = 1;
				DEVELOPMENT_TEAM = 3YL7JSN5AR;
				GENERATE_INFOPLIST_FILE = YES;
				LD_RUNPATH_SEARCH_PATHS = (
					"$(inherited)",
					"@executable_path/Frameworks",
					"@loader_path/Frameworks",
				);
				MARKETING_VERSION = 1.0;
				PRODUCT_BUNDLE_IDENTIFIER = "com.kotaro-seki.RunnersHighUITests";
				PRODUCT_NAME = "$(TARGET_NAME)";
				SWIFT_EMIT_LOC_STRINGS = NO;
				SWIFT_VERSION = 5.0;
				TARGETED_DEVICE_FAMILY = "1,2";
				TEST_TARGET_NAME = RunnersHigh;
			};
			name = Debug;
		};
		B8386FE3275BB7150066B402 /* Release */ = {
			isa = XCBuildConfiguration;
			buildSettings = {
				ALWAYS_EMBED_SWIFT_STANDARD_LIBRARIES = YES;
				CODE_SIGN_STYLE = Automatic;
				CURRENT_PROJECT_VERSION = 1;
				DEVELOPMENT_TEAM = 3YL7JSN5AR;
				GENERATE_INFOPLIST_FILE = YES;
				LD_RUNPATH_SEARCH_PATHS = (
					"$(inherited)",
					"@executable_path/Frameworks",
					"@loader_path/Frameworks",
				);
				MARKETING_VERSION = 1.0;
				PRODUCT_BUNDLE_IDENTIFIER = "com.kotaro-seki.RunnersHighUITests";
				PRODUCT_NAME = "$(TARGET_NAME)";
				SWIFT_EMIT_LOC_STRINGS = NO;
				SWIFT_VERSION = 5.0;
				TARGETED_DEVICE_FAMILY = "1,2";
				TEST_TARGET_NAME = RunnersHigh;
			};
			name = Release;
		};
/* End XCBuildConfiguration section */

/* Begin XCConfigurationList section */
		B8386FA9275BB7130066B402 /* Build configuration list for PBXProject "RunnersHigh" */ = {
			isa = XCConfigurationList;
			buildConfigurations = (
				B8386FD9275BB7150066B402 /* Debug */,
				B8386FDA275BB7150066B402 /* Release */,
			);
			defaultConfigurationIsVisible = 0;
			defaultConfigurationName = Release;
		};
		B8386FDB275BB7150066B402 /* Build configuration list for PBXNativeTarget "RunnersHigh" */ = {
			isa = XCConfigurationList;
			buildConfigurations = (
				B8386FDC275BB7150066B402 /* Debug */,
				B8386FDD275BB7150066B402 /* Release */,
			);
			defaultConfigurationIsVisible = 0;
			defaultConfigurationName = Release;
		};
		B8386FDE275BB7150066B402 /* Build configuration list for PBXNativeTarget "RunnersHighTests" */ = {
			isa = XCConfigurationList;
			buildConfigurations = (
				B8386FDF275BB7150066B402 /* Debug */,
				B8386FE0275BB7150066B402 /* Release */,
			);
			defaultConfigurationIsVisible = 0;
			defaultConfigurationName = Release;
		};
		B8386FE1275BB7150066B402 /* Build configuration list for PBXNativeTarget "RunnersHighUITests" */ = {
			isa = XCConfigurationList;
			buildConfigurations = (
				B8386FE2275BB7150066B402 /* Debug */,
				B8386FE3275BB7150066B402 /* Release */,
			);
			defaultConfigurationIsVisible = 0;
			defaultConfigurationName = Release;
		};
/* End XCConfigurationList section */

/* Begin XCVersionGroup section */
		B8386FBA275BB7130066B402 /* RunnersHigh.xcdatamodeld */ = {
			isa = XCVersionGroup;
			children = (
				B8386FBB275BB7130066B402 /* RunnersHigh.xcdatamodel */,
			);
			currentVersion = B8386FBB275BB7130066B402 /* RunnersHigh.xcdatamodel */;
			path = RunnersHigh.xcdatamodeld;
			sourceTree = "<group>";
			versionGroupType = wrapper.xcdatamodel;
		};
/* End XCVersionGroup section */
	};
	rootObject = B8386FA6275BB7130066B402 /* Project object */;
}
