// !$*UTF8*$!
{
	archiveVersion = 1;
	classes = {
	};
	objectVersion = 55;
	objects = {

/* Begin PBXBuildFile section */
		4D45C2A6D79FDCD7881677BC /* Pods_RunnersHigh_RunnersHighUITests.framework in Frameworks */ = {isa = PBXBuildFile; fileRef = E69C962FA19A3932BEB7F30F /* Pods_RunnersHigh_RunnersHighUITests.framework */; };
		6BCC7E1ED91D53E2EE689802 /* Pods_RunnersHigh.framework in Frameworks */ = {isa = PBXBuildFile; fileRef = 356DB1FDC1FBF7471D90A188 /* Pods_RunnersHigh.framework */; };
		B8386FF1275C6F730066B402 /* AppDelegate.swift in Sources */ = {isa = PBXBuildFile; fileRef = B8386FF0275C6F730066B402 /* AppDelegate.swift */; };
		B8386FF3275C6F730066B402 /* SceneDelegate.swift in Sources */ = {isa = PBXBuildFile; fileRef = B8386FF2275C6F730066B402 /* SceneDelegate.swift */; };
		B8386FF5275C6F730066B402 /* ViewController.swift in Sources */ = {isa = PBXBuildFile; fileRef = B8386FF4275C6F730066B402 /* ViewController.swift */; };
		B8386FF8275C6F730066B402 /* Main.storyboard in Resources */ = {isa = PBXBuildFile; fileRef = B8386FF6275C6F730066B402 /* Main.storyboard */; };
		B8386FFA275C6F770066B402 /* Color.xcassets in Resources */ = {isa = PBXBuildFile; fileRef = B8386FF9275C6F770066B402 /* Color.xcassets */; };
		B8386FFD275C6F770066B402 /* LaunchScreen.storyboard in Resources */ = {isa = PBXBuildFile; fileRef = B8386FFB275C6F770066B402 /* LaunchScreen.storyboard */; };
		B8387008275C6F770066B402 /* RunnersHighTests.swift in Sources */ = {isa = PBXBuildFile; fileRef = B8387007275C6F770066B402 /* RunnersHighTests.swift */; };
		B8387012275C6F770066B402 /* RunnersHighUITests.swift in Sources */ = {isa = PBXBuildFile; fileRef = B8387011275C6F770066B402 /* RunnersHighUITests.swift */; };
		B8387014275C6F770066B402 /* RunnersHighUITestsLaunchTests.swift in Sources */ = {isa = PBXBuildFile; fileRef = B8387013275C6F770066B402 /* RunnersHighUITestsLaunchTests.swift */; };
		B8387025275C776A0066B402 /* Image.xcassets in Resources */ = {isa = PBXBuildFile; fileRef = B8387024275C776A0066B402 /* Image.xcassets */; };
		B8387027275C77A00066B402 /* TemplateRouter.swift in Sources */ = {isa = PBXBuildFile; fileRef = B8387026275C77A00066B402 /* TemplateRouter.swift */; };
		B8387029275C78A50066B402 /* TemplateViewController.swift in Sources */ = {isa = PBXBuildFile; fileRef = B8387028275C78A50066B402 /* TemplateViewController.swift */; };
		B838702B275C79E60066B402 /* TemplateViewModel.swift in Sources */ = {isa = PBXBuildFile; fileRef = B838702A275C79E60066B402 /* TemplateViewModel.swift */; };
		B838702D275C7AB80066B402 /* TemplateViewController.storyboard in Resources */ = {isa = PBXBuildFile; fileRef = B838702C275C7AB80066B402 /* TemplateViewController.storyboard */; };
		B8387031275C96200066B402 /* UIViewController+Extension.swift in Sources */ = {isa = PBXBuildFile; fileRef = B8387030275C96200066B402 /* UIViewController+Extension.swift */; };
		B8387037275C99BB0066B402 /* R.generated.swift in Sources */ = {isa = PBXBuildFile; fileRef = B8387036275C99BB0066B402 /* R.generated.swift */; };
		B8387039275C9B590066B402 /* Assets.xcassets in Resources */ = {isa = PBXBuildFile; fileRef = B8387038275C9B590066B402 /* Assets.xcassets */; };
		F0FF6C4A77371199613A3A08 /* Pods_RunnersHighTests.framework in Frameworks */ = {isa = PBXBuildFile; fileRef = 5A50738C6D706B3EDCBF58CB /* Pods_RunnersHighTests.framework */; };
/* End PBXBuildFile section */

/* Begin PBXContainerItemProxy section */
		B8387004275C6F770066B402 /* PBXContainerItemProxy */ = {
			isa = PBXContainerItemProxy;
			containerPortal = B8386FE5275C6F730066B402 /* Project object */;
			proxyType = 1;
			remoteGlobalIDString = B8386FEC275C6F730066B402;
			remoteInfo = RunnersHigh;
		};
		B838700E275C6F770066B402 /* PBXContainerItemProxy */ = {
			isa = PBXContainerItemProxy;
			containerPortal = B8386FE5275C6F730066B402 /* Project object */;
			proxyType = 1;
			remoteGlobalIDString = B8386FEC275C6F730066B402;
			remoteInfo = RunnersHigh;
		};
/* End PBXContainerItemProxy section */

/* Begin PBXFileReference section */
		356DB1FDC1FBF7471D90A188 /* Pods_RunnersHigh.framework */ = {isa = PBXFileReference; explicitFileType = wrapper.framework; includeInIndex = 0; path = Pods_RunnersHigh.framework; sourceTree = BUILT_PRODUCTS_DIR; };
		5A50738C6D706B3EDCBF58CB /* Pods_RunnersHighTests.framework */ = {isa = PBXFileReference; explicitFileType = wrapper.framework; includeInIndex = 0; path = Pods_RunnersHighTests.framework; sourceTree = BUILT_PRODUCTS_DIR; };
		633BA114B10BF2487E718D88 /* Pods-RunnersHigh.debug.xcconfig */ = {isa = PBXFileReference; includeInIndex = 1; lastKnownFileType = text.xcconfig; name = "Pods-RunnersHigh.debug.xcconfig"; path = "Target Support Files/Pods-RunnersHigh/Pods-RunnersHigh.debug.xcconfig"; sourceTree = "<group>"; };
		974C07FD61ECCA6BCCF27833 /* Pods-RunnersHigh.release.xcconfig */ = {isa = PBXFileReference; includeInIndex = 1; lastKnownFileType = text.xcconfig; name = "Pods-RunnersHigh.release.xcconfig"; path = "Target Support Files/Pods-RunnersHigh/Pods-RunnersHigh.release.xcconfig"; sourceTree = "<group>"; };
		B8386FED275C6F730066B402 /* RunnersHigh.app */ = {isa = PBXFileReference; explicitFileType = wrapper.application; includeInIndex = 0; path = RunnersHigh.app; sourceTree = BUILT_PRODUCTS_DIR; };
		B8386FF0275C6F730066B402 /* AppDelegate.swift */ = {isa = PBXFileReference; lastKnownFileType = sourcecode.swift; path = AppDelegate.swift; sourceTree = "<group>"; };
		B8386FF2275C6F730066B402 /* SceneDelegate.swift */ = {isa = PBXFileReference; lastKnownFileType = sourcecode.swift; path = SceneDelegate.swift; sourceTree = "<group>"; };
		B8386FF4275C6F730066B402 /* ViewController.swift */ = {isa = PBXFileReference; lastKnownFileType = sourcecode.swift; path = ViewController.swift; sourceTree = "<group>"; };
		B8386FF7275C6F730066B402 /* Base */ = {isa = PBXFileReference; lastKnownFileType = file.storyboard; name = Base; path = Base.lproj/Main.storyboard; sourceTree = "<group>"; };
		B8386FF9275C6F770066B402 /* Color.xcassets */ = {isa = PBXFileReference; lastKnownFileType = folder.assetcatalog; path = Color.xcassets; sourceTree = "<group>"; };
		B8386FFC275C6F770066B402 /* Base */ = {isa = PBXFileReference; lastKnownFileType = file.storyboard; name = Base; path = Base.lproj/LaunchScreen.storyboard; sourceTree = "<group>"; };
		B8386FFE275C6F770066B402 /* Info.plist */ = {isa = PBXFileReference; lastKnownFileType = text.plist.xml; path = Info.plist; sourceTree = "<group>"; };
		B8387003275C6F770066B402 /* RunnersHighTests.xctest */ = {isa = PBXFileReference; explicitFileType = wrapper.cfbundle; includeInIndex = 0; path = RunnersHighTests.xctest; sourceTree = BUILT_PRODUCTS_DIR; };
		B8387007275C6F770066B402 /* RunnersHighTests.swift */ = {isa = PBXFileReference; lastKnownFileType = sourcecode.swift; path = RunnersHighTests.swift; sourceTree = "<group>"; };
		B838700D275C6F770066B402 /* RunnersHighUITests.xctest */ = {isa = PBXFileReference; explicitFileType = wrapper.cfbundle; includeInIndex = 0; path = RunnersHighUITests.xctest; sourceTree = BUILT_PRODUCTS_DIR; };
		B8387011275C6F770066B402 /* RunnersHighUITests.swift */ = {isa = PBXFileReference; lastKnownFileType = sourcecode.swift; path = RunnersHighUITests.swift; sourceTree = "<group>"; };
		B8387013275C6F770066B402 /* RunnersHighUITestsLaunchTests.swift */ = {isa = PBXFileReference; lastKnownFileType = sourcecode.swift; path = RunnersHighUITestsLaunchTests.swift; sourceTree = "<group>"; };
		B8387024275C776A0066B402 /* Image.xcassets */ = {isa = PBXFileReference; lastKnownFileType = folder.assetcatalog; path = Image.xcassets; sourceTree = "<group>"; };
		B8387026275C77A00066B402 /* TemplateRouter.swift */ = {isa = PBXFileReference; lastKnownFileType = sourcecode.swift; path = TemplateRouter.swift; sourceTree = "<group>"; };
		B8387028275C78A50066B402 /* TemplateViewController.swift */ = {isa = PBXFileReference; lastKnownFileType = sourcecode.swift; path = TemplateViewController.swift; sourceTree = "<group>"; };
		B838702A275C79E60066B402 /* TemplateViewModel.swift */ = {isa = PBXFileReference; lastKnownFileType = sourcecode.swift; path = TemplateViewModel.swift; sourceTree = "<group>"; };
		B838702C275C7AB80066B402 /* TemplateViewController.storyboard */ = {isa = PBXFileReference; lastKnownFileType = file.storyboard; path = TemplateViewController.storyboard; sourceTree = "<group>"; };
		B8387030275C96200066B402 /* UIViewController+Extension.swift */ = {isa = PBXFileReference; lastKnownFileType = sourcecode.swift; path = "UIViewController+Extension.swift"; sourceTree = "<group>"; };
		B8387036275C99BB0066B402 /* R.generated.swift */ = {isa = PBXFileReference; fileEncoding = 4; lastKnownFileType = sourcecode.swift; path = R.generated.swift; sourceTree = "<group>"; };
		B8387038275C9B590066B402 /* Assets.xcassets */ = {isa = PBXFileReference; lastKnownFileType = folder.assetcatalog; path = Assets.xcassets; sourceTree = "<group>"; };
		CC3AD4F86A6E618503154ED0 /* Pods-RunnersHighTests.release.xcconfig */ = {isa = PBXFileReference; includeInIndex = 1; lastKnownFileType = text.xcconfig; name = "Pods-RunnersHighTests.release.xcconfig"; path = "Target Support Files/Pods-RunnersHighTests/Pods-RunnersHighTests.release.xcconfig"; sourceTree = "<group>"; };
		D02615A7D5B71F4CE38C2003 /* Pods-RunnersHigh-RunnersHighUITests.debug.xcconfig */ = {isa = PBXFileReference; includeInIndex = 1; lastKnownFileType = text.xcconfig; name = "Pods-RunnersHigh-RunnersHighUITests.debug.xcconfig"; path = "Target Support Files/Pods-RunnersHigh-RunnersHighUITests/Pods-RunnersHigh-RunnersHighUITests.debug.xcconfig"; sourceTree = "<group>"; };
		E09D6651F6739770536D2DF6 /* Pods-RunnersHigh-RunnersHighUITests.release.xcconfig */ = {isa = PBXFileReference; includeInIndex = 1; lastKnownFileType = text.xcconfig; name = "Pods-RunnersHigh-RunnersHighUITests.release.xcconfig"; path = "Target Support Files/Pods-RunnersHigh-RunnersHighUITests/Pods-RunnersHigh-RunnersHighUITests.release.xcconfig"; sourceTree = "<group>"; };
		E69C962FA19A3932BEB7F30F /* Pods_RunnersHigh_RunnersHighUITests.framework */ = {isa = PBXFileReference; explicitFileType = wrapper.framework; includeInIndex = 0; path = Pods_RunnersHigh_RunnersHighUITests.framework; sourceTree = BUILT_PRODUCTS_DIR; };
		FD51752270C606742164117F /* Pods-RunnersHighTests.debug.xcconfig */ = {isa = PBXFileReference; includeInIndex = 1; lastKnownFileType = text.xcconfig; name = "Pods-RunnersHighTests.debug.xcconfig"; path = "Target Support Files/Pods-RunnersHighTests/Pods-RunnersHighTests.debug.xcconfig"; sourceTree = "<group>"; };
/* End PBXFileReference section */

/* Begin PBXFrameworksBuildPhase section */
		B8386FEA275C6F730066B402 /* Frameworks */ = {
			isa = PBXFrameworksBuildPhase;
			buildActionMask = 2147483647;
			files = (
				6BCC7E1ED91D53E2EE689802 /* Pods_RunnersHigh.framework in Frameworks */,
			);
			runOnlyForDeploymentPostprocessing = 0;
		};
		B8387000275C6F770066B402 /* Frameworks */ = {
			isa = PBXFrameworksBuildPhase;
			buildActionMask = 2147483647;
			files = (
				F0FF6C4A77371199613A3A08 /* Pods_RunnersHighTests.framework in Frameworks */,
			);
			runOnlyForDeploymentPostprocessing = 0;
		};
		B838700A275C6F770066B402 /* Frameworks */ = {
			isa = PBXFrameworksBuildPhase;
			buildActionMask = 2147483647;
			files = (
				4D45C2A6D79FDCD7881677BC /* Pods_RunnersHigh_RunnersHighUITests.framework in Frameworks */,
			);
			runOnlyForDeploymentPostprocessing = 0;
		};
/* End PBXFrameworksBuildPhase section */

/* Begin PBXGroup section */
		62A1538F162CEB4270A28A6B /* Frameworks */ = {
			isa = PBXGroup;
			children = (
				356DB1FDC1FBF7471D90A188 /* Pods_RunnersHigh.framework */,
				E69C962FA19A3932BEB7F30F /* Pods_RunnersHigh_RunnersHighUITests.framework */,
				5A50738C6D706B3EDCBF58CB /* Pods_RunnersHighTests.framework */,
			);
			name = Frameworks;
			sourceTree = "<group>";
		};
		9F0C8452698783063FA16DB7 /* Pods */ = {
			isa = PBXGroup;
			children = (
				633BA114B10BF2487E718D88 /* Pods-RunnersHigh.debug.xcconfig */,
				974C07FD61ECCA6BCCF27833 /* Pods-RunnersHigh.release.xcconfig */,
				D02615A7D5B71F4CE38C2003 /* Pods-RunnersHigh-RunnersHighUITests.debug.xcconfig */,
				E09D6651F6739770536D2DF6 /* Pods-RunnersHigh-RunnersHighUITests.release.xcconfig */,
				FD51752270C606742164117F /* Pods-RunnersHighTests.debug.xcconfig */,
				CC3AD4F86A6E618503154ED0 /* Pods-RunnersHighTests.release.xcconfig */,
			);
			path = Pods;
			sourceTree = "<group>";
		};
		B8386FE4275C6F730066B402 = {
			isa = PBXGroup;
			children = (
				B8386FEF275C6F730066B402 /* RunnersHigh */,
				B838702E275C95E50066B402 /* Common */,
				B8387006275C6F770066B402 /* RunnersHighTests */,
				B8387010275C6F770066B402 /* RunnersHighUITests */,
				B8386FEE275C6F730066B402 /* Products */,
				9F0C8452698783063FA16DB7 /* Pods */,
				62A1538F162CEB4270A28A6B /* Frameworks */,
			);
			sourceTree = "<group>";
		};
		B8386FEE275C6F730066B402 /* Products */ = {
			isa = PBXGroup;
			children = (
				B8386FED275C6F730066B402 /* RunnersHigh.app */,
				B8387003275C6F770066B402 /* RunnersHighTests.xctest */,
				B838700D275C6F770066B402 /* RunnersHighUITests.xctest */,
			);
			name = Products;
			sourceTree = "<group>";
		};
		B8386FEF275C6F730066B402 /* RunnersHigh */ = {
			isa = PBXGroup;
			children = (
				B8386FF0275C6F730066B402 /* AppDelegate.swift */,
				B8386FF2275C6F730066B402 /* SceneDelegate.swift */,
				B8386FF4275C6F730066B402 /* ViewController.swift */,
				B8386FF6275C6F730066B402 /* Main.storyboard */,
				B8386FFB275C6F770066B402 /* LaunchScreen.storyboard */,
				B8386FFE275C6F770066B402 /* Info.plist */,
				B8387020275C76FD0066B402 /* Presentation */,
				B8387023275C77230066B402 /* Template */,
				B8387021275C770D0066B402 /* Resource */,
				B8387022275C77140066B402 /* Support */,
				B8387032275C96FB0066B402 /* RSwift */,
			);
			path = RunnersHigh;
			sourceTree = "<group>";
		};
		B8387006275C6F770066B402 /* RunnersHighTests */ = {
			isa = PBXGroup;
			children = (
				B8387007275C6F770066B402 /* RunnersHighTests.swift */,
			);
			path = RunnersHighTests;
			sourceTree = "<group>";
		};
		B8387010275C6F770066B402 /* RunnersHighUITests */ = {
			isa = PBXGroup;
			children = (
				B8387011275C6F770066B402 /* RunnersHighUITests.swift */,
				B8387013275C6F770066B402 /* RunnersHighUITestsLaunchTests.swift */,
			);
			path = RunnersHighUITests;
			sourceTree = "<group>";
		};
		B8387020275C76FD0066B402 /* Presentation */ = {
			isa = PBXGroup;
			children = (
			);
			path = Presentation;
			sourceTree = "<group>";
		};
		B8387021275C770D0066B402 /* Resource */ = {
			isa = PBXGroup;
			children = (
				B8386FF9275C6F770066B402 /* Color.xcassets */,
				B8387024275C776A0066B402 /* Image.xcassets */,
			);
			path = Resource;
			sourceTree = "<group>";
		};
		B8387022275C77140066B402 /* Support */ = {
			isa = PBXGroup;
			children = (
				B8387038275C9B590066B402 /* Assets.xcassets */,
			);
			path = Support;
			sourceTree = "<group>";
		};
		B8387023275C77230066B402 /* Template */ = {
			isa = PBXGroup;
			children = (
				B8387026275C77A00066B402 /* TemplateRouter.swift */,
				B8387028275C78A50066B402 /* TemplateViewController.swift */,
				B838702A275C79E60066B402 /* TemplateViewModel.swift */,
				B838702C275C7AB80066B402 /* TemplateViewController.storyboard */,
			);
			path = Template;
			sourceTree = "<group>";
		};
		B838702E275C95E50066B402 /* Common */ = {
			isa = PBXGroup;
			children = (
				B838702F275C95FD0066B402 /* Extension */,
			);
			path = Common;
			sourceTree = "<group>";
		};
		B838702F275C95FD0066B402 /* Extension */ = {
			isa = PBXGroup;
			children = (
				B8387030275C96200066B402 /* UIViewController+Extension.swift */,
			);
			path = Extension;
			sourceTree = "<group>";
		};
		B8387032275C96FB0066B402 /* RSwift */ = {
			isa = PBXGroup;
			children = (
				B8387036275C99BB0066B402 /* R.generated.swift */,
			);
			path = RSwift;
			sourceTree = "<group>";
		};
/* End PBXGroup section */

/* Begin PBXNativeTarget section */
		B8386FEC275C6F730066B402 /* RunnersHigh */ = {
			isa = PBXNativeTarget;
			buildConfigurationList = B8387017275C6F770066B402 /* Build configuration list for PBXNativeTarget "RunnersHigh" */;
			buildPhases = (
				C30F09D6DE623FD6ADC6B809 /* [CP] Check Pods Manifest.lock */,
				B8387033275C97710066B402 /* RSwift */,
				B8386FE9275C6F730066B402 /* Sources */,
				B8386FEA275C6F730066B402 /* Frameworks */,
				B8386FEB275C6F730066B402 /* Resources */,
				9D3FF064DAAFE4F03996D608 /* [CP] Embed Pods Frameworks */,
			);
			buildRules = (
			);
			dependencies = (
			);
			name = RunnersHigh;
			productName = RunnersHigh;
			productReference = B8386FED275C6F730066B402 /* RunnersHigh.app */;
			productType = "com.apple.product-type.application";
		};
		B8387002275C6F770066B402 /* RunnersHighTests */ = {
			isa = PBXNativeTarget;
			buildConfigurationList = B838701A275C6F770066B402 /* Build configuration list for PBXNativeTarget "RunnersHighTests" */;
			buildPhases = (
				3C0A98B149F0DE5E1E8BA5F7 /* [CP] Check Pods Manifest.lock */,
				B8386FFF275C6F770066B402 /* Sources */,
				B8387000275C6F770066B402 /* Frameworks */,
				B8387001275C6F770066B402 /* Resources */,
			);
			buildRules = (
			);
			dependencies = (
				B8387005275C6F770066B402 /* PBXTargetDependency */,
			);
			name = RunnersHighTests;
			productName = RunnersHighTests;
			productReference = B8387003275C6F770066B402 /* RunnersHighTests.xctest */;
			productType = "com.apple.product-type.bundle.unit-test";
		};
		B838700C275C6F770066B402 /* RunnersHighUITests */ = {
			isa = PBXNativeTarget;
			buildConfigurationList = B838701D275C6F770066B402 /* Build configuration list for PBXNativeTarget "RunnersHighUITests" */;
			buildPhases = (
				66DC299D8995786F441C35CD /* [CP] Check Pods Manifest.lock */,
				B8387009275C6F770066B402 /* Sources */,
				B838700A275C6F770066B402 /* Frameworks */,
				B838700B275C6F770066B402 /* Resources */,
				0606139CD64D56BD933867E8 /* [CP] Embed Pods Frameworks */,
			);
			buildRules = (
			);
			dependencies = (
				B838700F275C6F770066B402 /* PBXTargetDependency */,
			);
			name = RunnersHighUITests;
			productName = RunnersHighUITests;
			productReference = B838700D275C6F770066B402 /* RunnersHighUITests.xctest */;
			productType = "com.apple.product-type.bundle.ui-testing";
		};
/* End PBXNativeTarget section */

/* Begin PBXProject section */
		B8386FE5275C6F730066B402 /* Project object */ = {
			isa = PBXProject;
			attributes = {
				BuildIndependentTargetsInParallel = 1;
				LastSwiftUpdateCheck = 1310;
				LastUpgradeCheck = 1310;
				TargetAttributes = {
					B8386FEC275C6F730066B402 = {
						CreatedOnToolsVersion = 13.1;
					};
					B8387002275C6F770066B402 = {
						CreatedOnToolsVersion = 13.1;
						TestTargetID = B8386FEC275C6F730066B402;
					};
					B838700C275C6F770066B402 = {
						CreatedOnToolsVersion = 13.1;
						TestTargetID = B8386FEC275C6F730066B402;
					};
				};
			};
			buildConfigurationList = B8386FE8275C6F730066B402 /* Build configuration list for PBXProject "RunnersHigh" */;
			compatibilityVersion = "Xcode 13.0";
			developmentRegion = en;
			hasScannedForEncodings = 0;
			knownRegions = (
				en,
				Base,
			);
			mainGroup = B8386FE4275C6F730066B402;
			productRefGroup = B8386FEE275C6F730066B402 /* Products */;
			projectDirPath = "";
			projectRoot = "";
			targets = (
				B8386FEC275C6F730066B402 /* RunnersHigh */,
				B8387002275C6F770066B402 /* RunnersHighTests */,
				B838700C275C6F770066B402 /* RunnersHighUITests */,
			);
		};
/* End PBXProject section */

/* Begin PBXResourcesBuildPhase section */
		B8386FEB275C6F730066B402 /* Resources */ = {
			isa = PBXResourcesBuildPhase;
			buildActionMask = 2147483647;
			files = (
				B8386FFD275C6F770066B402 /* LaunchScreen.storyboard in Resources */,
				B8387025275C776A0066B402 /* Image.xcassets in Resources */,
				B838702D275C7AB80066B402 /* TemplateViewController.storyboard in Resources */,
				B8386FFA275C6F770066B402 /* Color.xcassets in Resources */,
				B8387039275C9B590066B402 /* Assets.xcassets in Resources */,
				B8386FF8275C6F730066B402 /* Main.storyboard in Resources */,
			);
			runOnlyForDeploymentPostprocessing = 0;
		};
		B8387001275C6F770066B402 /* Resources */ = {
			isa = PBXResourcesBuildPhase;
			buildActionMask = 2147483647;
			files = (
			);
			runOnlyForDeploymentPostprocessing = 0;
		};
		B838700B275C6F770066B402 /* Resources */ = {
			isa = PBXResourcesBuildPhase;
			buildActionMask = 2147483647;
			files = (
			);
			runOnlyForDeploymentPostprocessing = 0;
		};
/* End PBXResourcesBuildPhase section */

/* Begin PBXShellScriptBuildPhase section */
		0606139CD64D56BD933867E8 /* [CP] Embed Pods Frameworks */ = {
			isa = PBXShellScriptBuildPhase;
			buildActionMask = 2147483647;
			files = (
			);
			inputFileListPaths = (
				"${PODS_ROOT}/Target Support Files/Pods-RunnersHigh-RunnersHighUITests/Pods-RunnersHigh-RunnersHighUITests-frameworks-${CONFIGURATION}-input-files.xcfilelist",
			);
			name = "[CP] Embed Pods Frameworks";
			outputFileListPaths = (
				"${PODS_ROOT}/Target Support Files/Pods-RunnersHigh-RunnersHighUITests/Pods-RunnersHigh-RunnersHighUITests-frameworks-${CONFIGURATION}-output-files.xcfilelist",
			);
			runOnlyForDeploymentPostprocessing = 0;
			shellPath = /bin/sh;
			shellScript = "\"${PODS_ROOT}/Target Support Files/Pods-RunnersHigh-RunnersHighUITests/Pods-RunnersHigh-RunnersHighUITests-frameworks.sh\"\n";
			showEnvVarsInLog = 0;
		};
		3C0A98B149F0DE5E1E8BA5F7 /* [CP] Check Pods Manifest.lock */ = {
			isa = PBXShellScriptBuildPhase;
			buildActionMask = 2147483647;
			files = (
			);
			inputFileListPaths = (
			);
			inputPaths = (
				"${PODS_PODFILE_DIR_PATH}/Podfile.lock",
				"${PODS_ROOT}/Manifest.lock",
			);
			name = "[CP] Check Pods Manifest.lock";
			outputFileListPaths = (
			);
			outputPaths = (
				"$(DERIVED_FILE_DIR)/Pods-RunnersHighTests-checkManifestLockResult.txt",
			);
			runOnlyForDeploymentPostprocessing = 0;
			shellPath = /bin/sh;
			shellScript = "diff \"${PODS_PODFILE_DIR_PATH}/Podfile.lock\" \"${PODS_ROOT}/Manifest.lock\" > /dev/null\nif [ $? != 0 ] ; then\n    # print error to STDERR\n    echo \"error: The sandbox is not in sync with the Podfile.lock. Run 'pod install' or update your CocoaPods installation.\" >&2\n    exit 1\nfi\n# This output is used by Xcode 'outputs' to avoid re-running this script phase.\necho \"SUCCESS\" > \"${SCRIPT_OUTPUT_FILE_0}\"\n";
			showEnvVarsInLog = 0;
		};
		66DC299D8995786F441C35CD /* [CP] Check Pods Manifest.lock */ = {
			isa = PBXShellScriptBuildPhase;
			buildActionMask = 2147483647;
			files = (
			);
			inputFileListPaths = (
			);
			inputPaths = (
				"${PODS_PODFILE_DIR_PATH}/Podfile.lock",
				"${PODS_ROOT}/Manifest.lock",
			);
			name = "[CP] Check Pods Manifest.lock";
			outputFileListPaths = (
			);
			outputPaths = (
				"$(DERIVED_FILE_DIR)/Pods-RunnersHigh-RunnersHighUITests-checkManifestLockResult.txt",
			);
			runOnlyForDeploymentPostprocessing = 0;
			shellPath = /bin/sh;
			shellScript = "diff \"${PODS_PODFILE_DIR_PATH}/Podfile.lock\" \"${PODS_ROOT}/Manifest.lock\" > /dev/null\nif [ $? != 0 ] ; then\n    # print error to STDERR\n    echo \"error: The sandbox is not in sync with the Podfile.lock. Run 'pod install' or update your CocoaPods installation.\" >&2\n    exit 1\nfi\n# This output is used by Xcode 'outputs' to avoid re-running this script phase.\necho \"SUCCESS\" > \"${SCRIPT_OUTPUT_FILE_0}\"\n";
			showEnvVarsInLog = 0;
		};
		9D3FF064DAAFE4F03996D608 /* [CP] Embed Pods Frameworks */ = {
			isa = PBXShellScriptBuildPhase;
			buildActionMask = 2147483647;
			files = (
			);
			inputFileListPaths = (
				"${PODS_ROOT}/Target Support Files/Pods-RunnersHigh/Pods-RunnersHigh-frameworks-${CONFIGURATION}-input-files.xcfilelist",
			);
			name = "[CP] Embed Pods Frameworks";
			outputFileListPaths = (
				"${PODS_ROOT}/Target Support Files/Pods-RunnersHigh/Pods-RunnersHigh-frameworks-${CONFIGURATION}-output-files.xcfilelist",
			);
			runOnlyForDeploymentPostprocessing = 0;
			shellPath = /bin/sh;
			shellScript = "\"${PODS_ROOT}/Target Support Files/Pods-RunnersHigh/Pods-RunnersHigh-frameworks.sh\"\n";
			showEnvVarsInLog = 0;
		};
		B8387033275C97710066B402 /* RSwift */ = {
			isa = PBXShellScriptBuildPhase;
			buildActionMask = 2147483647;
			files = (
			);
			inputFileListPaths = (
			);
			inputPaths = (
				"$TEMP_DIR/rswift-lastrun",
			);
			name = RSwift;
			outputFileListPaths = (
			);
			outputPaths = (
				$SRCROOT/RunnersHigh/RSwift/R.generated.swift,
			);
			runOnlyForDeploymentPostprocessing = 0;
			shellPath = /bin/sh;
			shellScript = "\"$PODS_ROOT/R.swift/rswift\" generate \"$SRCROOT/RunnersHigh/RSwift/R.generated.swift\"\n";
		};
		C30F09D6DE623FD6ADC6B809 /* [CP] Check Pods Manifest.lock */ = {
			isa = PBXShellScriptBuildPhase;
			buildActionMask = 2147483647;
			files = (
			);
			inputFileListPaths = (
			);
			inputPaths = (
				"${PODS_PODFILE_DIR_PATH}/Podfile.lock",
				"${PODS_ROOT}/Manifest.lock",
			);
			name = "[CP] Check Pods Manifest.lock";
			outputFileListPaths = (
			);
			outputPaths = (
				"$(DERIVED_FILE_DIR)/Pods-RunnersHigh-checkManifestLockResult.txt",
			);
			runOnlyForDeploymentPostprocessing = 0;
			shellPath = /bin/sh;
			shellScript = "diff \"${PODS_PODFILE_DIR_PATH}/Podfile.lock\" \"${PODS_ROOT}/Manifest.lock\" > /dev/null\nif [ $? != 0 ] ; then\n    # print error to STDERR\n    echo \"error: The sandbox is not in sync with the Podfile.lock. Run 'pod install' or update your CocoaPods installation.\" >&2\n    exit 1\nfi\n# This output is used by Xcode 'outputs' to avoid re-running this script phase.\necho \"SUCCESS\" > \"${SCRIPT_OUTPUT_FILE_0}\"\n";
			showEnvVarsInLog = 0;
		};
/* End PBXShellScriptBuildPhase section */

/* Begin PBXSourcesBuildPhase section */
		B8386FE9275C6F730066B402 /* Sources */ = {
			isa = PBXSourcesBuildPhase;
			buildActionMask = 2147483647;
			files = (
				B8387027275C77A00066B402 /* TemplateRouter.swift in Sources */,
				B8387029275C78A50066B402 /* TemplateViewController.swift in Sources */,
				B8386FF5275C6F730066B402 /* ViewController.swift in Sources */,
				B8387037275C99BB0066B402 /* R.generated.swift in Sources */,
				B8386FF1275C6F730066B402 /* AppDelegate.swift in Sources */,
				B8387031275C96200066B402 /* UIViewController+Extension.swift in Sources */,
				B838702B275C79E60066B402 /* TemplateViewModel.swift in Sources */,
				B8386FF3275C6F730066B402 /* SceneDelegate.swift in Sources */,
			);
			runOnlyForDeploymentPostprocessing = 0;
		};
		B8386FFF275C6F770066B402 /* Sources */ = {
			isa = PBXSourcesBuildPhase;
			buildActionMask = 2147483647;
			files = (
				B8387008275C6F770066B402 /* RunnersHighTests.swift in Sources */,
			);
			runOnlyForDeploymentPostprocessing = 0;
		};
		B8387009275C6F770066B402 /* Sources */ = {
			isa = PBXSourcesBuildPhase;
			buildActionMask = 2147483647;
			files = (
				B8387014275C6F770066B402 /* RunnersHighUITestsLaunchTests.swift in Sources */,
				B8387012275C6F770066B402 /* RunnersHighUITests.swift in Sources */,
			);
			runOnlyForDeploymentPostprocessing = 0;
		};
/* End PBXSourcesBuildPhase section */

/* Begin PBXTargetDependency section */
		B8387005275C6F770066B402 /* PBXTargetDependency */ = {
			isa = PBXTargetDependency;
			target = B8386FEC275C6F730066B402 /* RunnersHigh */;
			targetProxy = B8387004275C6F770066B402 /* PBXContainerItemProxy */;
		};
		B838700F275C6F770066B402 /* PBXTargetDependency */ = {
			isa = PBXTargetDependency;
			target = B8386FEC275C6F730066B402 /* RunnersHigh */;
			targetProxy = B838700E275C6F770066B402 /* PBXContainerItemProxy */;
		};
/* End PBXTargetDependency section */

/* Begin PBXVariantGroup section */
		B8386FF6275C6F730066B402 /* Main.storyboard */ = {
			isa = PBXVariantGroup;
			children = (
				B8386FF7275C6F730066B402 /* Base */,
			);
			name = Main.storyboard;
			sourceTree = "<group>";
		};
		B8386FFB275C6F770066B402 /* LaunchScreen.storyboard */ = {
			isa = PBXVariantGroup;
			children = (
				B8386FFC275C6F770066B402 /* Base */,
			);
			name = LaunchScreen.storyboard;
			sourceTree = "<group>";
		};
/* End PBXVariantGroup section */

/* Begin XCBuildConfiguration section */
		B8387015275C6F770066B402 /* Debug */ = {
			isa = XCBuildConfiguration;
			buildSettings = {
				ALWAYS_SEARCH_USER_PATHS = NO;
				CLANG_ANALYZER_NONNULL = YES;
				CLANG_ANALYZER_NUMBER_OBJECT_CONVERSION = YES_AGGRESSIVE;
				CLANG_CXX_LANGUAGE_STANDARD = "gnu++17";
				CLANG_CXX_LIBRARY = "libc++";
				CLANG_ENABLE_MODULES = YES;
				CLANG_ENABLE_OBJC_ARC = YES;
				CLANG_ENABLE_OBJC_WEAK = YES;
				CLANG_WARN_BLOCK_CAPTURE_AUTORELEASING = YES;
				CLANG_WARN_BOOL_CONVERSION = YES;
				CLANG_WARN_COMMA = YES;
				CLANG_WARN_CONSTANT_CONVERSION = YES;
				CLANG_WARN_DEPRECATED_OBJC_IMPLEMENTATIONS = YES;
				CLANG_WARN_DIRECT_OBJC_ISA_USAGE = YES_ERROR;
				CLANG_WARN_DOCUMENTATION_COMMENTS = YES;
				CLANG_WARN_EMPTY_BODY = YES;
				CLANG_WARN_ENUM_CONVERSION = YES;
				CLANG_WARN_INFINITE_RECURSION = YES;
				CLANG_WARN_INT_CONVERSION = YES;
				CLANG_WARN_NON_LITERAL_NULL_CONVERSION = YES;
				CLANG_WARN_OBJC_IMPLICIT_RETAIN_SELF = YES;
				CLANG_WARN_OBJC_LITERAL_CONVERSION = YES;
				CLANG_WARN_OBJC_ROOT_CLASS = YES_ERROR;
				CLANG_WARN_QUOTED_INCLUDE_IN_FRAMEWORK_HEADER = YES;
				CLANG_WARN_RANGE_LOOP_ANALYSIS = YES;
				CLANG_WARN_STRICT_PROTOTYPES = YES;
				CLANG_WARN_SUSPICIOUS_MOVE = YES;
				CLANG_WARN_UNGUARDED_AVAILABILITY = YES_AGGRESSIVE;
				CLANG_WARN_UNREACHABLE_CODE = YES;
				CLANG_WARN__DUPLICATE_METHOD_MATCH = YES;
				COPY_PHASE_STRIP = NO;
				DEBUG_INFORMATION_FORMAT = dwarf;
				ENABLE_STRICT_OBJC_MSGSEND = YES;
				ENABLE_TESTABILITY = YES;
				GCC_C_LANGUAGE_STANDARD = gnu11;
				GCC_DYNAMIC_NO_PIC = NO;
				GCC_NO_COMMON_BLOCKS = YES;
				GCC_OPTIMIZATION_LEVEL = 0;
				GCC_PREPROCESSOR_DEFINITIONS = (
					"DEBUG=1",
					"$(inherited)",
				);
				GCC_WARN_64_TO_32_BIT_CONVERSION = YES;
				GCC_WARN_ABOUT_RETURN_TYPE = YES_ERROR;
				GCC_WARN_UNDECLARED_SELECTOR = YES;
				GCC_WARN_UNINITIALIZED_AUTOS = YES_AGGRESSIVE;
				GCC_WARN_UNUSED_FUNCTION = YES;
				GCC_WARN_UNUSED_VARIABLE = YES;
				IPHONEOS_DEPLOYMENT_TARGET = 15.0;
				MTL_ENABLE_DEBUG_INFO = INCLUDE_SOURCE;
				MTL_FAST_MATH = YES;
				ONLY_ACTIVE_ARCH = YES;
				SDKROOT = iphoneos;
				SWIFT_ACTIVE_COMPILATION_CONDITIONS = DEBUG;
				SWIFT_OPTIMIZATION_LEVEL = "-Onone";
			};
			name = Debug;
		};
		B8387016275C6F770066B402 /* Release */ = {
			isa = XCBuildConfiguration;
			buildSettings = {
				ALWAYS_SEARCH_USER_PATHS = NO;
				CLANG_ANALYZER_NONNULL = YES;
				CLANG_ANALYZER_NUMBER_OBJECT_CONVERSION = YES_AGGRESSIVE;
				CLANG_CXX_LANGUAGE_STANDARD = "gnu++17";
				CLANG_CXX_LIBRARY = "libc++";
				CLANG_ENABLE_MODULES = YES;
				CLANG_ENABLE_OBJC_ARC = YES;
				CLANG_ENABLE_OBJC_WEAK = YES;
				CLANG_WARN_BLOCK_CAPTURE_AUTORELEASING = YES;
				CLANG_WARN_BOOL_CONVERSION = YES;
				CLANG_WARN_COMMA = YES;
				CLANG_WARN_CONSTANT_CONVERSION = YES;
				CLANG_WARN_DEPRECATED_OBJC_IMPLEMENTATIONS = YES;
				CLANG_WARN_DIRECT_OBJC_ISA_USAGE = YES_ERROR;
				CLANG_WARN_DOCUMENTATION_COMMENTS = YES;
				CLANG_WARN_EMPTY_BODY = YES;
				CLANG_WARN_ENUM_CONVERSION = YES;
				CLANG_WARN_INFINITE_RECURSION = YES;
				CLANG_WARN_INT_CONVERSION = YES;
				CLANG_WARN_NON_LITERAL_NULL_CONVERSION = YES;
				CLANG_WARN_OBJC_IMPLICIT_RETAIN_SELF = YES;
				CLANG_WARN_OBJC_LITERAL_CONVERSION = YES;
				CLANG_WARN_OBJC_ROOT_CLASS = YES_ERROR;
				CLANG_WARN_QUOTED_INCLUDE_IN_FRAMEWORK_HEADER = YES;
				CLANG_WARN_RANGE_LOOP_ANALYSIS = YES;
				CLANG_WARN_STRICT_PROTOTYPES = YES;
				CLANG_WARN_SUSPICIOUS_MOVE = YES;
				CLANG_WARN_UNGUARDED_AVAILABILITY = YES_AGGRESSIVE;
				CLANG_WARN_UNREACHABLE_CODE = YES;
				CLANG_WARN__DUPLICATE_METHOD_MATCH = YES;
				COPY_PHASE_STRIP = NO;
				DEBUG_INFORMATION_FORMAT = "dwarf-with-dsym";
				ENABLE_NS_ASSERTIONS = NO;
				ENABLE_STRICT_OBJC_MSGSEND = YES;
				GCC_C_LANGUAGE_STANDARD = gnu11;
				GCC_NO_COMMON_BLOCKS = YES;
				GCC_WARN_64_TO_32_BIT_CONVERSION = YES;
				GCC_WARN_ABOUT_RETURN_TYPE = YES_ERROR;
				GCC_WARN_UNDECLARED_SELECTOR = YES;
				GCC_WARN_UNINITIALIZED_AUTOS = YES_AGGRESSIVE;
				GCC_WARN_UNUSED_FUNCTION = YES;
				GCC_WARN_UNUSED_VARIABLE = YES;
				IPHONEOS_DEPLOYMENT_TARGET = 15.0;
				MTL_ENABLE_DEBUG_INFO = NO;
				MTL_FAST_MATH = YES;
				SDKROOT = iphoneos;
				SWIFT_COMPILATION_MODE = wholemodule;
				SWIFT_OPTIMIZATION_LEVEL = "-O";
				VALIDATE_PRODUCT = YES;
			};
			name = Release;
		};
		B8387018275C6F770066B402 /* Debug */ = {
			isa = XCBuildConfiguration;
			baseConfigurationReference = 633BA114B10BF2487E718D88 /* Pods-RunnersHigh.debug.xcconfig */;
			buildSettings = {
				ASSETCATALOG_COMPILER_APPICON_NAME = AppIcon;
				ASSETCATALOG_COMPILER_GLOBAL_ACCENT_COLOR_NAME = AccentColor;
				CODE_SIGN_STYLE = Automatic;
				CURRENT_PROJECT_VERSION = 0.0.0;
				DEVELOPMENT_TEAM = 3YL7JSN5AR;
				GENERATE_INFOPLIST_FILE = YES;
				INFOPLIST_FILE = RunnersHigh/Info.plist;
				INFOPLIST_KEY_UIApplicationSupportsIndirectInputEvents = YES;
				INFOPLIST_KEY_UILaunchStoryboardName = LaunchScreen;
				INFOPLIST_KEY_UIMainStoryboardFile = Main;
				INFOPLIST_KEY_UISupportedInterfaceOrientations = UIInterfaceOrientationPortrait;
				INFOPLIST_KEY_UISupportedInterfaceOrientations_iPad = "UIInterfaceOrientationPortrait UIInterfaceOrientationPortraitUpsideDown UIInterfaceOrientationLandscapeLeft UIInterfaceOrientationLandscapeRight";
				INFOPLIST_KEY_UISupportedInterfaceOrientations_iPhone = "UIInterfaceOrientationPortrait UIInterfaceOrientationLandscapeLeft UIInterfaceOrientationLandscapeRight";
				LD_RUNPATH_SEARCH_PATHS = (
					"$(inherited)",
					"@executable_path/Frameworks",
				);
				MARKETING_VERSION = 1.0.0;
				PRODUCT_BUNDLE_IDENTIFIER = "com.kotaro-seki.RunnersHigh";
				PRODUCT_NAME = "$(TARGET_NAME)";
				SWIFT_EMIT_LOC_STRINGS = YES;
				SWIFT_VERSION = 5.0;
				TARGETED_DEVICE_FAMILY = 1;
			};
			name = Debug;
		};
		B8387019275C6F770066B402 /* Release */ = {
			isa = XCBuildConfiguration;
			baseConfigurationReference = 974C07FD61ECCA6BCCF27833 /* Pods-RunnersHigh.release.xcconfig */;
			buildSettings = {
				ASSETCATALOG_COMPILER_APPICON_NAME = AppIcon;
				ASSETCATALOG_COMPILER_GLOBAL_ACCENT_COLOR_NAME = AccentColor;
				CODE_SIGN_STYLE = Automatic;
				CURRENT_PROJECT_VERSION = 0.0.0;
				DEVELOPMENT_TEAM = 3YL7JSN5AR;
				GENERATE_INFOPLIST_FILE = YES;
				INFOPLIST_FILE = RunnersHigh/Info.plist;
				INFOPLIST_KEY_UIApplicationSupportsIndirectInputEvents = YES;
				INFOPLIST_KEY_UILaunchStoryboardName = LaunchScreen;
				INFOPLIST_KEY_UIMainStoryboardFile = Main;
				INFOPLIST_KEY_UISupportedInterfaceOrientations = UIInterfaceOrientationPortrait;
				INFOPLIST_KEY_UISupportedInterfaceOrientations_iPad = "UIInterfaceOrientationPortrait UIInterfaceOrientationPortraitUpsideDown UIInterfaceOrientationLandscapeLeft UIInterfaceOrientationLandscapeRight";
				INFOPLIST_KEY_UISupportedInterfaceOrientations_iPhone = "UIInterfaceOrientationPortrait UIInterfaceOrientationLandscapeLeft UIInterfaceOrientationLandscapeRight";
				LD_RUNPATH_SEARCH_PATHS = (
					"$(inherited)",
					"@executable_path/Frameworks",
				);
				MARKETING_VERSION = 1.0.0;
				PRODUCT_BUNDLE_IDENTIFIER = "com.kotaro-seki.RunnersHigh";
				PRODUCT_NAME = "$(TARGET_NAME)";
				SWIFT_EMIT_LOC_STRINGS = YES;
				SWIFT_VERSION = 5.0;
				TARGETED_DEVICE_FAMILY = 1;
			};
			name = Release;
		};
		B838701B275C6F770066B402 /* Debug */ = {
			isa = XCBuildConfiguration;
			baseConfigurationReference = FD51752270C606742164117F /* Pods-RunnersHighTests.debug.xcconfig */;
			buildSettings = {
				ALWAYS_EMBED_SWIFT_STANDARD_LIBRARIES = YES;
				BUNDLE_LOADER = "$(TEST_HOST)";
				CODE_SIGN_STYLE = Automatic;
				CURRENT_PROJECT_VERSION = 1;
				DEVELOPMENT_TEAM = 3YL7JSN5AR;
				GENERATE_INFOPLIST_FILE = YES;
				IPHONEOS_DEPLOYMENT_TARGET = 15.0;
				LD_RUNPATH_SEARCH_PATHS = (
					"$(inherited)",
					"@executable_path/Frameworks",
					"@loader_path/Frameworks",
				);
				MARKETING_VERSION = 1.0;
				PRODUCT_BUNDLE_IDENTIFIER = "com.kotaro-seki.RunnersHighTests";
				PRODUCT_NAME = "$(TARGET_NAME)";
				SWIFT_EMIT_LOC_STRINGS = NO;
				SWIFT_VERSION = 5.0;
				TARGETED_DEVICE_FAMILY = "1,2";
				TEST_HOST = "$(BUILT_PRODUCTS_DIR)/RunnersHigh.app/RunnersHigh";
			};
			name = Debug;
		};
		B838701C275C6F770066B402 /* Release */ = {
			isa = XCBuildConfiguration;
			baseConfigurationReference = CC3AD4F86A6E618503154ED0 /* Pods-RunnersHighTests.release.xcconfig */;
			buildSettings = {
				ALWAYS_EMBED_SWIFT_STANDARD_LIBRARIES = YES;
				BUNDLE_LOADER = "$(TEST_HOST)";
				CODE_SIGN_STYLE = Automatic;
				CURRENT_PROJECT_VERSION = 1;
				DEVELOPMENT_TEAM = 3YL7JSN5AR;
				GENERATE_INFOPLIST_FILE = YES;
				IPHONEOS_DEPLOYMENT_TARGET = 15.0;
				LD_RUNPATH_SEARCH_PATHS = (
					"$(inherited)",
					"@executable_path/Frameworks",
					"@loader_path/Frameworks",
				);
				MARKETING_VERSION = 1.0;
				PRODUCT_BUNDLE_IDENTIFIER = "com.kotaro-seki.RunnersHighTests";
				PRODUCT_NAME = "$(TARGET_NAME)";
				SWIFT_EMIT_LOC_STRINGS = NO;
				SWIFT_VERSION = 5.0;
				TARGETED_DEVICE_FAMILY = "1,2";
				TEST_HOST = "$(BUILT_PRODUCTS_DIR)/RunnersHigh.app/RunnersHigh";
			};
			name = Release;
		};
		B838701E275C6F770066B402 /* Debug */ = {
			isa = XCBuildConfiguration;
			baseConfigurationReference = D02615A7D5B71F4CE38C2003 /* Pods-RunnersHigh-RunnersHighUITests.debug.xcconfig */;
			buildSettings = {
				ALWAYS_EMBED_SWIFT_STANDARD_LIBRARIES = YES;
				CODE_SIGN_STYLE = Automatic;
				CURRENT_PROJECT_VERSION = 1;
				DEVELOPMENT_TEAM = 3YL7JSN5AR;
				GENERATE_INFOPLIST_FILE = YES;
				LD_RUNPATH_SEARCH_PATHS = (
					"$(inherited)",
					"@executable_path/Frameworks",
					"@loader_path/Frameworks",
				);
				MARKETING_VERSION = 1.0;
				PRODUCT_BUNDLE_IDENTIFIER = "com.kotaro-seki.RunnersHighUITests";
				PRODUCT_NAME = "$(TARGET_NAME)";
				SWIFT_EMIT_LOC_STRINGS = NO;
				SWIFT_VERSION = 5.0;
				TARGETED_DEVICE_FAMILY = "1,2";
				TEST_TARGET_NAME = RunnersHigh;
			};
			name = Debug;
		};
		B838701F275C6F770066B402 /* Release */ = {
			isa = XCBuildConfiguration;
			baseConfigurationReference = E09D6651F6739770536D2DF6 /* Pods-RunnersHigh-RunnersHighUITests.release.xcconfig */;
			buildSettings = {
				ALWAYS_EMBED_SWIFT_STANDARD_LIBRARIES = YES;
				CODE_SIGN_STYLE = Automatic;
				CURRENT_PROJECT_VERSION = 1;
				DEVELOPMENT_TEAM = 3YL7JSN5AR;
				GENERATE_INFOPLIST_FILE = YES;
				LD_RUNPATH_SEARCH_PATHS = (
					"$(inherited)",
					"@executable_path/Frameworks",
					"@loader_path/Frameworks",
				);
				MARKETING_VERSION = 1.0;
				PRODUCT_BUNDLE_IDENTIFIER = "com.kotaro-seki.RunnersHighUITests";
				PRODUCT_NAME = "$(TARGET_NAME)";
				SWIFT_EMIT_LOC_STRINGS = NO;
				SWIFT_VERSION = 5.0;
				TARGETED_DEVICE_FAMILY = "1,2";
				TEST_TARGET_NAME = RunnersHigh;
			};
			name = Release;
		};
/* End XCBuildConfiguration section */

/* Begin XCConfigurationList section */
		B8386FE8275C6F730066B402 /* Build configuration list for PBXProject "RunnersHigh" */ = {
			isa = XCConfigurationList;
			buildConfigurations = (
				B8387015275C6F770066B402 /* Debug */,
				B8387016275C6F770066B402 /* Release */,
			);
			defaultConfigurationIsVisible = 0;
			defaultConfigurationName = Release;
		};
		B8387017275C6F770066B402 /* Build configuration list for PBXNativeTarget "RunnersHigh" */ = {
			isa = XCConfigurationList;
			buildConfigurations = (
				B8387018275C6F770066B402 /* Debug */,
				B8387019275C6F770066B402 /* Release */,
			);
			defaultConfigurationIsVisible = 0;
			defaultConfigurationName = Release;
		};
		B838701A275C6F770066B402 /* Build configuration list for PBXNativeTarget "RunnersHighTests" */ = {
			isa = XCConfigurationList;
			buildConfigurations = (
				B838701B275C6F770066B402 /* Debug */,
				B838701C275C6F770066B402 /* Release */,
			);
			defaultConfigurationIsVisible = 0;
			defaultConfigurationName = Release;
		};
		B838701D275C6F770066B402 /* Build configuration list for PBXNativeTarget "RunnersHighUITests" */ = {
			isa = XCConfigurationList;
			buildConfigurations = (
				B838701E275C6F770066B402 /* Debug */,
				B838701F275C6F770066B402 /* Release */,
			);
			defaultConfigurationIsVisible = 0;
			defaultConfigurationName = Release;
		};
/* End XCConfigurationList section */
	};
	rootObject = B8386FE5275C6F730066B402 /* Project object */;
}
